
Microsoft Visual Studio Solution File, Format Version 12.00
# Visual Studio Version 16
VisualStudioVersion = 16.0.31729.503
MinimumVisualStudioVersion = 10.0.40219.1
Project("{FAE04EC0-301F-11D3-BF4B-00C04F79EFBC}") = "TestProgramm", "TestProgramm.csproj", "{68B84084-27C0-4CE1-ACD7-4CE51C1CACF3}"
EndProject
Global
	GlobalSection(SolutionConfigurationPlatforms) = preSolution
		Debug|Any CPU = Debug|Any CPU
		Release|Any CPU = Release|Any CPU
	EndGlobalSection
	GlobalSection(ProjectConfigurationPlatforms) = postSolution
		{68B84084-27C0-4CE1-ACD7-4CE51C1CACF3}.Debug|Any CPU.ActiveCfg = Debug|Any CPU
		{68B84084-27C0-4CE1-ACD7-4CE51C1CACF3}.Debug|Any CPU.Build.0 = Debug|Any CPU
		{68B84084-27C0-4CE1-ACD7-4CE51C1CACF3}.Release|Any CPU.ActiveCfg = Release|Any CPU
		{68B84084-27C0-4CE1-ACD7-4CE51C1CACF3}.Release|Any CPU.Build.0 = Release|Any CPU
	EndGlobalSection
	GlobalSection(SolutionProperties) = preSolution
		HideSolutionNode = FALSE
	EndGlobalSection
	GlobalSection(ExtensibilityGlobals) = postSolution
		SolutionGuid = {014C9C61-A327-4502-815A-9FA58452C16C}
	EndGlobalSection
EndGlobal
