
Microsoft Visual Studio Solution File, Format Version 12.00
# Visual Studio Version 16
VisualStudioVersion = 16.0.31729.503
MinimumVisualStudioVersion = 10.0.40219.1
Project("{FAE04EC0-301F-11D3-BF4B-00C04F79EFBC}") = "Task1", "Task1.csproj", "{B49CAB06-CA5E-484D-9895-ADE42C680064}"
EndProject
Global
	GlobalSection(SolutionConfigurationPlatforms) = preSolution
		Debug|Any CPU = Debug|Any CPU
		Release|Any CPU = Release|Any CPU
	EndGlobalSection
	GlobalSection(ProjectConfigurationPlatforms) = postSolution
		{B49CAB06-CA5E-484D-9895-ADE42C680064}.Debug|Any CPU.ActiveCfg = Debug|Any CPU
		{B49CAB06-CA5E-484D-9895-ADE42C680064}.Debug|Any CPU.Build.0 = Debug|Any CPU
		{B49CAB06-CA5E-484D-9895-ADE42C680064}.Release|Any CPU.ActiveCfg = Release|Any CPU
		{B49CAB06-CA5E-484D-9895-ADE42C680064}.Release|Any CPU.Build.0 = Release|Any CPU
	EndGlobalSection
	GlobalSection(SolutionProperties) = preSolution
		HideSolutionNode = FALSE
	EndGlobalSection
	GlobalSection(ExtensibilityGlobals) = postSolution
		SolutionGuid = {AEF3400C-93C4-4001-9EEE-2F0FAE409005}
	EndGlobalSection
EndGlobal
