
Microsoft Visual Studio Solution File, Format Version 12.00
# Visual Studio Version 16
VisualStudioVersion = 16.0.31729.503
MinimumVisualStudioVersion = 10.0.40219.1
Project("{FAE04EC0-301F-11D3-BF4B-00C04F79EFBC}") = "Task2", "Task2.csproj", "{E454D520-AC19-430D-AE90-8CA7CF7A3105}"
EndProject
Global
	GlobalSection(SolutionConfigurationPlatforms) = preSolution
		Debug|Any CPU = Debug|Any CPU
		Release|Any CPU = Release|Any CPU
	EndGlobalSection
	GlobalSection(ProjectConfigurationPlatforms) = postSolution
		{E454D520-AC19-430D-AE90-8CA7CF7A3105}.Debug|Any CPU.ActiveCfg = Debug|Any CPU
		{E454D520-AC19-430D-AE90-8CA7CF7A3105}.Debug|Any CPU.Build.0 = Debug|Any CPU
		{E454D520-AC19-430D-AE90-8CA7CF7A3105}.Release|Any CPU.ActiveCfg = Release|Any CPU
		{E454D520-AC19-430D-AE90-8CA7CF7A3105}.Release|Any CPU.Build.0 = Release|Any CPU
	EndGlobalSection
	GlobalSection(SolutionProperties) = preSolution
		HideSolutionNode = FALSE
	EndGlobalSection
	GlobalSection(ExtensibilityGlobals) = postSolution
		SolutionGuid = {009B8E58-723C-4D74-8EC2-FBBE896462E4}
	EndGlobalSection
EndGlobal
